{
  "name": "assets",
  "lockfileVersion": 3,
  "requires": true,
  "packages": {
    "": {
      "dependencies": {
        "@inertiajs/react": "^3.3.0",
        "react": "^19.2.6",
        "react-dom": "^19.2.6"
      }
    },
    "node_modules/@inertiajs/core": {
      "version": "3.3.0",
      "resolved": "https://registry.npmjs.org/@inertiajs/core/-/core-3.3.0.tgz",
      "integrity": "sha512-6tEe5vtjwXJj68h0nkz84WkeZ8XA0phJ8ep1l/V+im62KTzlZTw9sxlmf8uNKu4seleXVw+idw48svxUCWla/Q==",
      "license": "MIT",
      "dependencies": {
        "@jridgewell/trace-mapping": "^0.3.31",
        "es-toolkit": "^1.33.0",
        "laravel-precognition": "^2.0.0"
      },
      "peerDependencies": {
        "axios": "^1.15.2"
      },
      "peerDependenciesMeta": {
        "axios": {
          "optional": true
        }
      }
    },
    "node_modules/@inertiajs/react": {
      "version": "3.3.0",
      "resolved": "https://registry.npmjs.org/@inertiajs/react/-/react-3.3.0.tgz",
      "integrity": "sha512-8Es6i1FOyP5sHWjLlE3yFi+dOuJp3IBkl1ccoxb101Jr4/vTcNsdXvpl+U8IZmvnmyDS4dikeAa29p7xFUwgyQ==",
      "license": "MIT",
      "dependencies": {
        "@inertiajs/core": "3.3.0",
        "es-toolkit": "^1.33.0",
        "laravel-precognition": "^2.0.0"
      },
      "peerDependencies": {
        "react": "^19.0.0",
        "react-dom": "^19.0.0"
      }
    },
    "node_modules/@jridgewell/resolve-uri": {
      "version": "3.1.2",
      "resolved": "https://registry.npmjs.org/@jridgewell/resolve-uri/-/resolve-uri-3.1.2.tgz",
      "integrity": "sha512-bRISgCIjP20/tbWSPWMEi54QVPRZExkuD9lJL+UIxUKtwVJA8wW1Trb1jMs1RFXo1CBTNZ/5hpC9QvmKWdopKw==",
      "license": "MIT",
      "engines": {
        "node": ">=6.0.0"
      }
    },
    "node_modules/@jridgewell/sourcemap-codec": {
      "version": "1.5.5",
      "resolved": "https://registry.npmjs.org/@jridgewell/sourcemap-codec/-/sourcemap-codec-1.5.5.tgz",
      "integrity": "sha512-cYQ9310grqxueWbl+WuIUIaiUaDcj7WOq5fVhEljNVgRfOUhY9fy2zTvfoqWsnebh8Sl70VScFbICvJnLKB0Og==",
      "license": "MIT"
    },
    "node_modules/@jridgewell/trace-mapping": {
      "version": "0.3.31",
      "resolved": "https://registry.npmjs.org/@jridgewell/trace-mapping/-/trace-mapping-0.3.31.tgz",
      "integrity": "sha512-zzNR+SdQSDJzc8joaeP8QQoCQr8NuYx2dIIytl1QeBEZHJ9uW6hebsrYgbz8hJwUQao3TWCMtmfV8Nu1twOLAw==",
      "license": "MIT",
      "dependencies": {
        "@jridgewell/resolve-uri": "^3.1.0",
        "@jridgewell/sourcemap-codec": "^1.4.14"
      }
    },
    "node_modules/es-toolkit": {
      "version": "1.47.0",
      "resolved": "https://registry.npmjs.org/es-toolkit/-/es-toolkit-1.47.0.tgz",
      "integrity": "sha512-n1GuoD0WEQZMBk5tttoZSqwgyLx01oqa5XsBmCHwPyNe1S9jPBEmtR2pSgp2kJuWE3ciFZ6yRHmY4pM4C3OOkw==",
      "license": "MIT",
      "workspaces": [
        "docs",
        "benchmarks"
      ]
    },
    "node_modules/laravel-precognition": {
      "version": "2.0.0",
      "resolved": "https://registry.npmjs.org/laravel-precognition/-/laravel-precognition-2.0.0.tgz",
      "integrity": "sha512-dmA4HGc9m+TsVNsJs9/XQBI8u6j7coilN+qKkBuhuXQzH3HypwS/c5dFQ4UqUGjBbcxIM7zdk91kM/SRZwIvWQ==",
      "license": "MIT",
      "dependencies": {
        "es-toolkit": "^1.32.0"
      },
      "peerDependencies": {
        "axios": "^1.4.0"
      },
      "peerDependenciesMeta": {
        "axios": {
          "optional": true
        }
      }
    },
    "node_modules/react": {
      "version": "19.2.6",
      "resolved": "https://registry.npmjs.org/react/-/react-19.2.6.tgz",
      "integrity": "sha512-sfWGGfavi0xr8Pg0sVsyHMAOziVYKgPLNrS7ig+ivMNb3wbCBw3KxtflsGBAwD3gYQlE/AEZsTLgToRrSCjb0Q==",
      "license": "MIT",
      "engines": {
        "node": ">=0.10.0"
      }
    },
    "node_modules/react-dom": {
      "version": "19.2.6",
      "resolved": "https://registry.npmjs.org/react-dom/-/react-dom-19.2.6.tgz",
      "integrity": "sha512-0prMI+hvBbPjsWnxDLxlCGyM8PN6UuWjEUCYmZhO67xIV9Xasa/r/vDnq+Xyq4Lo27g8QSbO5YzARu0D1Sps3g==",
      "license": "MIT",
      "dependencies": {
        "scheduler": "^0.27.0"
      },
      "peerDependencies": {
        "react": "^19.2.6"
      }
    },
    "node_modules/scheduler": {
      "version": "0.27.0",
      "resolved": "https://registry.npmjs.org/scheduler/-/scheduler-0.27.0.tgz",
      "integrity": "sha512-eNv+WrVbKu1f3vbYJT/xtiF5syA5HPIMtf9IgY/nKg0sWqzAUEvqY/xm7OcZc/qafLx/iO9FgOmeSAp4v5ti/Q==",
      "license": "MIT"
    }
  }
}
